
Microsoft Visual Studio Solution File, Format Version 12.00
# Visual Studio Version 17
VisualStudioVersion = 17.0.31903.59
MinimumVisualStudioVersion = 10.0.40219.1
Project("{2150E333-8FDC-42A3-9474-1A3956D46DE8}") = "src", "src", "{827E0CD3-B72D-47B6-A68D-7590B98EB39B}"
EndProject
Project("{FAE04EC0-301F-11D3-BF4B-00C04F79EFBC}") = "Blockchain.Core", "src\Blockchain.Core\Blockchain.Core.csproj", "{EAC563B8-D7D7-4A9F-A08D-E0BEA170F6CE}"
EndProject
Project("{FAE04EC0-301F-11D3-BF4B-00C04F79EFBC}") = "Blockchain.Infrastructure", "src\Blockchain.Infrastructure\Blockchain.Infrastructure.csproj", "{8E2B86AF-2368-4FC9-BABA-4FB8E36CC854}"
EndProject
Project("{FAE04EC0-301F-11D3-BF4B-00C04F79EFBC}") = "Blockchain.Node", "src\Blockchain.Node\Blockchain.Node.csproj", "{C98BD201-FAE4-455F-B845-0F957840D0A2}"
EndProject
Project("{FAE04EC0-301F-11D3-BF4B-00C04F79EFBC}") = "Blockchain.Contracts", "src\Blockchain.Contracts\Blockchain.Contracts.csproj", "{895913D1-D500-43BD-87DF-FF218D9A5739}"
EndProject
Project("{FAE04EC0-301F-11D3-BF4B-00C04F79EFBC}") = "Blockchain.Api", "src\Blockchain.Api\Blockchain.Api.csproj", "{2C818FD1-517D-43DC-97F8-3BAD7D9DF059}"
EndProject
Project("{FAE04EC0-301F-11D3-BF4B-00C04F79EFBC}") = "Blockchain.Cli", "src\Blockchain.Cli\Blockchain.Cli.csproj", "{86915C1D-96A0-4C22-A67A-453B5F022F34}"
EndProject
Project("{FAE04EC0-301F-11D3-BF4B-00C04F79EFBC}") = "Blockchain.Core.Tests", "tests\Blockchain.Core.Tests\Blockchain.Core.Tests.csproj", "{659276B5-F485-43FF-A9FC-F69E294A3930}"
EndProject
Project("{FAE04EC0-301F-11D3-BF4B-00C04F79EFBC}") = "Blockchain.Node.Tests", "tests\Blockchain.Node.Tests\Blockchain.Node.Tests.csproj", "{726135EB-5E32-446A-B880-6D21798F99EE}"
EndProject
Project("{FAE04EC0-301F-11D3-BF4B-00C04F79EFBC}") = "Blockchain.Api.Tests", "tests\Blockchain.Api.Tests\Blockchain.Api.Tests.csproj", "{C179A80C-6064-4A0F-9C01-46993687FB71}"
EndProject
Global
	GlobalSection(SolutionConfigurationPlatforms) = preSolution
		Debug|Any CPU = Debug|Any CPU
		Debug|x64 = Debug|x64
		Debug|x86 = Debug|x86
		Release|Any CPU = Release|Any CPU
		Release|x64 = Release|x64
		Release|x86 = Release|x86
	EndGlobalSection
	GlobalSection(ProjectConfigurationPlatforms) = postSolution
		{EAC563B8-D7D7-4A9F-A08D-E0BEA170F6CE}.Debug|Any CPU.ActiveCfg = Debug|Any CPU
		{EAC563B8-D7D7-4A9F-A08D-E0BEA170F6CE}.Debug|Any CPU.Build.0 = Debug|Any CPU
		{EAC563B8-D7D7-4A9F-A08D-E0BEA170F6CE}.Debug|x64.ActiveCfg = Debug|Any CPU
		{EAC563B8-D7D7-4A9F-A08D-E0BEA170F6CE}.Debug|x64.Build.0 = Debug|Any CPU
		{EAC563B8-D7D7-4A9F-A08D-E0BEA170F6CE}.Debug|x86.ActiveCfg = Debug|Any CPU
		{EAC563B8-D7D7-4A9F-A08D-E0BEA170F6CE}.Debug|x86.Build.0 = Debug|Any CPU
		{EAC563B8-D7D7-4A9F-A08D-E0BEA170F6CE}.Release|Any CPU.ActiveCfg = Release|Any CPU
		{EAC563B8-D7D7-4A9F-A08D-E0BEA170F6CE}.Release|Any CPU.Build.0 = Release|Any CPU
		{EAC563B8-D7D7-4A9F-A08D-E0BEA170F6CE}.Release|x64.ActiveCfg = Release|Any CPU
		{EAC563B8-D7D7-4A9F-A08D-E0BEA170F6CE}.Release|x64.Build.0 = Release|Any CPU
		{EAC563B8-D7D7-4A9F-A08D-E0BEA170F6CE}.Release|x86.ActiveCfg = Release|Any CPU
		{EAC563B8-D7D7-4A9F-A08D-E0BEA170F6CE}.Release|x86.Build.0 = Release|Any CPU
		{8E2B86AF-2368-4FC9-BABA-4FB8E36CC854}.Debug|Any CPU.ActiveCfg = Debug|Any CPU
		{8E2B86AF-2368-4FC9-BABA-4FB8E36CC854}.Debug|Any CPU.Build.0 = Debug|Any CPU
		{8E2B86AF-2368-4FC9-BABA-4FB8E36CC854}.Debug|x64.ActiveCfg = Debug|Any CPU
		{8E2B86AF-2368-4FC9-BABA-4FB8E36CC854}.Debug|x64.Build.0 = Debug|Any CPU
		{8E2B86AF-2368-4FC9-BABA-4FB8E36CC854}.Debug|x86.ActiveCfg = Debug|Any CPU
		{8E2B86AF-2368-4FC9-BABA-4FB8E36CC854}.Debug|x86.Build.0 = Debug|Any CPU
		{8E2B86AF-2368-4FC9-BABA-4FB8E36CC854}.Release|Any CPU.ActiveCfg = Release|Any CPU
		{8E2B86AF-2368-4FC9-BABA-4FB8E36CC854}.Release|Any CPU.Build.0 = Release|Any CPU
		{8E2B86AF-2368-4FC9-BABA-4FB8E36CC854}.Release|x64.ActiveCfg = Release|Any CPU
		{8E2B86AF-2368-4FC9-BABA-4FB8E36CC854}.Release|x64.Build.0 = Release|Any CPU
		{8E2B86AF-2368-4FC9-BABA-4FB8E36CC854}.Release|x86.ActiveCfg = Release|Any CPU
		{8E2B86AF-2368-4FC9-BABA-4FB8E36CC854}.Release|x86.Build.0 = Release|Any CPU
		{C98BD201-FAE4-455F-B845-0F957840D0A2}.Debug|Any CPU.ActiveCfg = Debug|Any CPU
		{C98BD201-FAE4-455F-B845-0F957840D0A2}.Debug|Any CPU.Build.0 = Debug|Any CPU
		{C98BD201-FAE4-455F-B845-0F957840D0A2}.Debug|x64.ActiveCfg = Debug|Any CPU
		{C98BD201-FAE4-455F-B845-0F957840D0A2}.Debug|x64.Build.0 = Debug|Any CPU
		{C98BD201-FAE4-455F-B845-0F957840D0A2}.Debug|x86.ActiveCfg = Debug|Any CPU
		{C98BD201-FAE4-455F-B845-0F957840D0A2}.Debug|x86.Build.0 = Debug|Any CPU
		{C98BD201-FAE4-455F-B845-0F957840D0A2}.Release|Any CPU.ActiveCfg = Release|Any CPU
		{C98BD201-FAE4-455F-B845-0F957840D0A2}.Release|Any CPU.Build.0 = Release|Any CPU
		{C98BD201-FAE4-455F-B845-0F957840D0A2}.Release|x64.ActiveCfg = Release|Any CPU
		{C98BD201-FAE4-455F-B845-0F957840D0A2}.Release|x64.Build.0 = Release|Any CPU
		{C98BD201-FAE4-455F-B845-0F957840D0A2}.Release|x86.ActiveCfg = Release|Any CPU
		{C98BD201-FAE4-455F-B845-0F957840D0A2}.Release|x86.Build.0 = Release|Any CPU
		{895913D1-D500-43BD-87DF-FF218D9A5739}.Debug|Any CPU.ActiveCfg = Debug|Any CPU
		{895913D1-D500-43BD-87DF-FF218D9A5739}.Debug|Any CPU.Build.0 = Debug|Any CPU
		{895913D1-D500-43BD-87DF-FF218D9A5739}.Debug|x64.ActiveCfg = Debug|Any CPU
		{895913D1-D500-43BD-87DF-FF218D9A5739}.Debug|x64.Build.0 = Debug|Any CPU
		{895913D1-D500-43BD-87DF-FF218D9A5739}.Debug|x86.ActiveCfg = Debug|Any CPU
		{895913D1-D500-43BD-87DF-FF218D9A5739}.Debug|x86.Build.0 = Debug|Any CPU
		{895913D1-D500-43BD-87DF-FF218D9A5739}.Release|Any CPU.ActiveCfg = Release|Any CPU
		{895913D1-D500-43BD-87DF-FF218D9A5739}.Release|Any CPU.Build.0 = Release|Any CPU
		{895913D1-D500-43BD-87DF-FF218D9A5739}.Release|x64.ActiveCfg = Release|Any CPU
		{895913D1-D500-43BD-87DF-FF218D9A5739}.Release|x64.Build.0 = Release|Any CPU
		{895913D1-D500-43BD-87DF-FF218D9A5739}.Release|x86.ActiveCfg = Release|Any CPU
		{895913D1-D500-43BD-87DF-FF218D9A5739}.Release|x86.Build.0 = Release|Any CPU
		{2C818FD1-517D-43DC-97F8-3BAD7D9DF059}.Debug|Any CPU.ActiveCfg = Debug|Any CPU
		{2C818FD1-517D-43DC-97F8-3BAD7D9DF059}.Debug|Any CPU.Build.0 = Debug|Any CPU
		{2C818FD1-517D-43DC-97F8-3BAD7D9DF059}.Debug|x64.ActiveCfg = Debug|Any CPU
		{2C818FD1-517D-43DC-97F8-3BAD7D9DF059}.Debug|x64.Build.0 = Debug|Any CPU
		{2C818FD1-517D-43DC-97F8-3BAD7D9DF059}.Debug|x86.ActiveCfg = Debug|Any CPU
		{2C818FD1-517D-43DC-97F8-3BAD7D9DF059}.Debug|x86.Build.0 = Debug|Any CPU
		{2C818FD1-517D-43DC-97F8-3BAD7D9DF059}.Release|Any CPU.ActiveCfg = Release|Any CPU
		{2C818FD1-517D-43DC-97F8-3BAD7D9DF059}.Release|Any CPU.Build.0 = Release|Any CPU
		{2C818FD1-517D-43DC-97F8-3BAD7D9DF059}.Release|x64.ActiveCfg = Release|Any CPU
		{2C818FD1-517D-43DC-97F8-3BAD7D9DF059}.Release|x64.Build.0 = Release|Any CPU
		{2C818FD1-517D-43DC-97F8-3BAD7D9DF059}.Release|x86.ActiveCfg = Release|Any CPU
		{2C818FD1-517D-43DC-97F8-3BAD7D9DF059}.Release|x86.Build.0 = Release|Any CPU
		{86915C1D-96A0-4C22-A67A-453B5F022F34}.Debug|Any CPU.ActiveCfg = Debug|Any CPU
		{86915C1D-96A0-4C22-A67A-453B5F022F34}.Debug|Any CPU.Build.0 = Debug|Any CPU
		{86915C1D-96A0-4C22-A67A-453B5F022F34}.Debug|x64.ActiveCfg = Debug|Any CPU
		{86915C1D-96A0-4C22-A67A-453B5F022F34}.Debug|x64.Build.0 = Debug|Any CPU
		{86915C1D-96A0-4C22-A67A-453B5F022F34}.Debug|x86.ActiveCfg = Debug|Any CPU
		{86915C1D-96A0-4C22-A67A-453B5F022F34}.Debug|x86.Build.0 = Debug|Any CPU
		{86915C1D-96A0-4C22-A67A-453B5F022F34}.Release|Any CPU.ActiveCfg = Release|Any CPU
		{86915C1D-96A0-4C22-A67A-453B5F022F34}.Release|Any CPU.Build.0 = Release|Any CPU
		{86915C1D-96A0-4C22-A67A-453B5F022F34}.Release|x64.ActiveCfg = Release|Any CPU
		{86915C1D-96A0-4C22-A67A-453B5F022F34}.Release|x64.Build.0 = Release|Any CPU
		{86915C1D-96A0-4C22-A67A-453B5F022F34}.Release|x86.ActiveCfg = Release|Any CPU
		{86915C1D-96A0-4C22-A67A-453B5F022F34}.Release|x86.Build.0 = Release|Any CPU
		{659276B5-F485-43FF-A9FC-F69E294A3930}.Debug|Any CPU.ActiveCfg = Debug|Any CPU
		{659276B5-F485-43FF-A9FC-F69E294A3930}.Debug|Any CPU.Build.0 = Debug|Any CPU
		{659276B5-F485-43FF-A9FC-F69E294A3930}.Debug|x64.ActiveCfg = Debug|Any CPU
		{659276B5-F485-43FF-A9FC-F69E294A3930}.Debug|x64.Build.0 = Debug|Any CPU
		{659276B5-F485-43FF-A9FC-F69E294A3930}.Debug|x86.ActiveCfg = Debug|Any CPU
		{659276B5-F485-43FF-A9FC-F69E294A3930}.Debug|x86.Build.0 = Debug|Any CPU
		{659276B5-F485-43FF-A9FC-F69E294A3930}.Release|Any CPU.ActiveCfg = Release|Any CPU
		{659276B5-F485-43FF-A9FC-F69E294A3930}.Release|Any CPU.Build.0 = Release|Any CPU
		{659276B5-F485-43FF-A9FC-F69E294A3930}.Release|x64.ActiveCfg = Release|Any CPU
		{659276B5-F485-43FF-A9FC-F69E294A3930}.Release|x64.Build.0 = Release|Any CPU
		{659276B5-F485-43FF-A9FC-F69E294A3930}.Release|x86.ActiveCfg = Release|Any CPU
		{659276B5-F485-43FF-A9FC-F69E294A3930}.Release|x86.Build.0 = Release|Any CPU
		{726135EB-5E32-446A-B880-6D21798F99EE}.Debug|Any CPU.ActiveCfg = Debug|Any CPU
		{726135EB-5E32-446A-B880-6D21798F99EE}.Debug|Any CPU.Build.0 = Debug|Any CPU
		{726135EB-5E32-446A-B880-6D21798F99EE}.Debug|x64.ActiveCfg = Debug|Any CPU
		{726135EB-5E32-446A-B880-6D21798F99EE}.Debug|x64.Build.0 = Debug|Any CPU
		{726135EB-5E32-446A-B880-6D21798F99EE}.Debug|x86.ActiveCfg = Debug|Any CPU
		{726135EB-5E32-446A-B880-6D21798F99EE}.Debug|x86.Build.0 = Debug|Any CPU
		{726135EB-5E32-446A-B880-6D21798F99EE}.Release|Any CPU.ActiveCfg = Release|Any CPU
		{726135EB-5E32-446A-B880-6D21798F99EE}.Release|Any CPU.Build.0 = Release|Any CPU
		{726135EB-5E32-446A-B880-6D21798F99EE}.Release|x64.ActiveCfg = Release|Any CPU
		{726135EB-5E32-446A-B880-6D21798F99EE}.Release|x64.Build.0 = Release|Any CPU
		{726135EB-5E32-446A-B880-6D21798F99EE}.Release|x86.ActiveCfg = Release|Any CPU
		{726135EB-5E32-446A-B880-6D21798F99EE}.Release|x86.Build.0 = Release|Any CPU
		{C179A80C-6064-4A0F-9C01-46993687FB71}.Debug|Any CPU.ActiveCfg = Debug|Any CPU
		{C179A80C-6064-4A0F-9C01-46993687FB71}.Debug|Any CPU.Build.0 = Debug|Any CPU
		{C179A80C-6064-4A0F-9C01-46993687FB71}.Debug|x64.ActiveCfg = Debug|Any CPU
		{C179A80C-6064-4A0F-9C01-46993687FB71}.Debug|x64.Build.0 = Debug|Any CPU
		{C179A80C-6064-4A0F-9C01-46993687FB71}.Debug|x86.ActiveCfg = Debug|Any CPU
		{C179A80C-6064-4A0F-9C01-46993687FB71}.Debug|x86.Build.0 = Debug|Any CPU
		{C179A80C-6064-4A0F-9C01-46993687FB71}.Release|Any CPU.ActiveCfg = Release|Any CPU
		{C179A80C-6064-4A0F-9C01-46993687FB71}.Release|Any CPU.Build.0 = Release|Any CPU
		{C179A80C-6064-4A0F-9C01-46993687FB71}.Release|x64.ActiveCfg = Release|Any CPU
		{C179A80C-6064-4A0F-9C01-46993687FB71}.Release|x64.Build.0 = Release|Any CPU
		{C179A80C-6064-4A0F-9C01-46993687FB71}.Release|x86.ActiveCfg = Release|Any CPU
		{C179A80C-6064-4A0F-9C01-46993687FB71}.Release|x86.Build.0 = Release|Any CPU
	EndGlobalSection
	GlobalSection(SolutionProperties) = preSolution
		HideSolutionNode = FALSE
	EndGlobalSection
	GlobalSection(NestedProjects) = preSolution
		{EAC563B8-D7D7-4A9F-A08D-E0BEA170F6CE} = {827E0CD3-B72D-47B6-A68D-7590B98EB39B}
		{8E2B86AF-2368-4FC9-BABA-4FB8E36CC854} = {827E0CD3-B72D-47B6-A68D-7590B98EB39B}
		{C98BD201-FAE4-455F-B845-0F957840D0A2} = {827E0CD3-B72D-47B6-A68D-7590B98EB39B}
		{895913D1-D500-43BD-87DF-FF218D9A5739} = {827E0CD3-B72D-47B6-A68D-7590B98EB39B}
		{2C818FD1-517D-43DC-97F8-3BAD7D9DF059} = {827E0CD3-B72D-47B6-A68D-7590B98EB39B}
		{86915C1D-96A0-4C22-A67A-453B5F022F34} = {827E0CD3-B72D-47B6-A68D-7590B98EB39B}
		{659276B5-F485-43FF-A9FC-F69E294A3930} = {827E0CD3-B72D-47B6-A68D-7590B98EB39B}
		{726135EB-5E32-446A-B880-6D21798F99EE} = {827E0CD3-B72D-47B6-A68D-7590B98EB39B}
		{C179A80C-6064-4A0F-9C01-46993687FB71} = {827E0CD3-B72D-47B6-A68D-7590B98EB39B}
	EndGlobalSection
EndGlobal
